
Microsoft Visual Studio Solution File, Format Version 12.00
# Visual Studio Version 17
VisualStudioVersion = 17.3.32929.385
MinimumVisualStudioVersion = 10.0.40219.1
Project("{FAE04EC0-301F-11D3-BF4B-00C04F79EFBC}") = "AES", "AES\AES.csproj", "{C5380312-131F-4EE6-8B58-7FE6EBBB41AB}"
EndProject
Global
	GlobalSection(SolutionConfigurationPlatforms) = preSolution
		Debug|Any CPU = Debug|Any CPU
		Release|Any CPU = Release|Any CPU
	EndGlobalSection
	GlobalSection(ProjectConfigurationPlatforms) = postSolution
		{C5380312-131F-4EE6-8B58-7FE6EBBB41AB}.Debug|Any CPU.ActiveCfg = Debug|Any CPU
		{C5380312-131F-4EE6-8B58-7FE6EBBB41AB}.Debug|Any CPU.Build.0 = Debug|Any CPU
		{C5380312-131F-4EE6-8B58-7FE6EBBB41AB}.Release|Any CPU.ActiveCfg = Release|Any CPU
		{C5380312-131F-4EE6-8B58-7FE6EBBB41AB}.Release|Any CPU.Build.0 = Release|Any CPU
	EndGlobalSection
	GlobalSection(SolutionProperties) = preSolution
		HideSolutionNode = FALSE
	EndGlobalSection
	GlobalSection(ExtensibilityGlobals) = postSolution
		SolutionGuid = {DB95D8DD-2883-4A86-8A04-042548DA318F}
	EndGlobalSection
EndGlobal
